
Microsoft Visual Studio Solution File, Format Version 12.00
# Visual Studio 2015
Project("{FAE04EC0-301F-11D3-BF4B-00C04F79EFBC}") = "cml.CSharp", "cml.CSharp.csproj", "{988D5742-96E1-8BB4-58D3-AF1D7B480794}"
EndProject
Project("{FAE04EC0-301F-11D3-BF4B-00C04F79EFBC}") = "cml.CSharp.Editor", "cml.CSharp.Editor.csproj", "{F3E37BD1-AA11-08BC-D254-41382064FA26}"
EndProject
Global
	GlobalSection(SolutionConfigurationPlatforms) = preSolution
		Debug|Any CPU = Debug|Any CPU
		Release|Any CPU = Release|Any CPU
	EndGlobalSection
	GlobalSection(ProjectConfigurationPlatforms) = postSolution
		{988D5742-96E1-8BB4-58D3-AF1D7B480794}.Debug|Any CPU.ActiveCfg = Debug|Any CPU
		{988D5742-96E1-8BB4-58D3-AF1D7B480794}.Debug|Any CPU.Build.0 = Debug|Any CPU
		{988D5742-96E1-8BB4-58D3-AF1D7B480794}.Release|Any CPU.ActiveCfg = Release|Any CPU
		{988D5742-96E1-8BB4-58D3-AF1D7B480794}.Release|Any CPU.Build.0 = Release|Any CPU
		{F3E37BD1-AA11-08BC-D254-41382064FA26}.Debug|Any CPU.ActiveCfg = Debug|Any CPU
		{F3E37BD1-AA11-08BC-D254-41382064FA26}.Debug|Any CPU.Build.0 = Debug|Any CPU
		{F3E37BD1-AA11-08BC-D254-41382064FA26}.Release|Any CPU.ActiveCfg = Release|Any CPU
		{F3E37BD1-AA11-08BC-D254-41382064FA26}.Release|Any CPU.Build.0 = Release|Any CPU
	EndGlobalSection
	GlobalSection(SolutionProperties) = preSolution
		HideSolutionNode = FALSE
	EndGlobalSection
EndGlobal
